PODS:
  - INTULocationManager (3.0.3)
  - LFSPGooglePlacesAutocomplete (1.0.4)
  - SVProgressHUD (1.1.3)

DEPENDENCIES:
  - INTULocationManager
  - LFSPGooglePlacesAutocomplete
  - SVProgressHUD

SPEC CHECKSUMS:
  INTULocationManager: e79327803a163f5fec28eb042bb124ed0c6e4876
  LFSPGooglePlacesAutocomplete: 072ae63665c6f27007cde82f47522bcc78e0e269
  SVProgressHUD: 748080e4f36e603f6c02aec292664239df5279c1

COCOAPODS: 0.37.2
